
Microsoft Visual Studio Solution File, Format Version 12.00
# Visual Studio Version 16
VisualStudioVersion = 16.0.29509.3
MinimumVisualStudioVersion = 10.0.40219.1
Project("{FAE04EC0-301F-11D3-BF4B-00C04F79EFBC}") = "ConcertShowRestServer", "ConcertShowRestServer.csproj", "{6C4A7801-05E5-4B8C-BAB7-42F4E2260731}"
EndProject
Global
	GlobalSection(SolutionConfigurationPlatforms) = preSolution
		Debug|Any CPU = Debug|Any CPU
		Release|Any CPU = Release|Any CPU
	EndGlobalSection
	GlobalSection(ProjectConfigurationPlatforms) = postSolution
		{6C4A7801-05E5-4B8C-BAB7-42F4E2260731}.Debug|Any CPU.ActiveCfg = Debug|Any CPU
		{6C4A7801-05E5-4B8C-BAB7-42F4E2260731}.Debug|Any CPU.Build.0 = Debug|Any CPU
		{6C4A7801-05E5-4B8C-BAB7-42F4E2260731}.Release|Any CPU.ActiveCfg = Release|Any CPU
		{6C4A7801-05E5-4B8C-BAB7-42F4E2260731}.Release|Any CPU.Build.0 = Release|Any CPU
	EndGlobalSection
	GlobalSection(SolutionProperties) = preSolution
		HideSolutionNode = FALSE
	EndGlobalSection
	GlobalSection(ExtensibilityGlobals) = postSolution
		SolutionGuid = {BED02D80-B755-451E-A45C-2837685DF1D4}
	EndGlobalSection
EndGlobal
